PODS:
  - thinkitive-text-animator (1.3)

DEPENDENCIES:
  - thinkitive-text-animator (from `../`)

EXTERNAL SOURCES:
  thinkitive-text-animator:
    :path: "../"

SPEC CHECKSUMS:
  thinkitive-text-animator: 7bf14e8fd2f3112653a2ae69fefb0dc7ea8ad22d

PODFILE CHECKSUM: f3ccf8857a8d5f074fb7741a31b237bc5fd1497c

COCOAPODS: 1.12.1
