// !$*UTF8*$!
{
	archiveVersion = 1;
	classes = {
	};
	objectVersion = 56;
	objects = {

/* Begin PBXBuildFile section */
		518C0F152A52F8FA003B8DCD /* AppDelegate.swift in Sources */ = {isa = PBXBuildFile; fileRef = 518C0F142A52F8FA003B8DCD /* AppDelegate.swift */; };
		518C0F192A52F8FA003B8DCD /* ViewController.swift in Sources */ = {isa = PBXBuildFile; fileRef = 518C0F182A52F8FA003B8DCD /* ViewController.swift */; };
		518C0F1C2A52F8FA003B8DCD /* Main.storyboard in Resources */ = {isa = PBXBuildFile; fileRef = 518C0F1A2A52F8FA003B8DCD /* Main.storyboard */; };
		518C0F1E2A52F8FB003B8DCD /* Assets.xcassets in Resources */ = {isa = PBXBuildFile; fileRef = 518C0F1D2A52F8FB003B8DCD /* Assets.xcassets */; };
		518C0F212A52F8FB003B8DCD /* LaunchScreen.storyboard in Resources */ = {isa = PBXBuildFile; fileRef = 518C0F1F2A52F8FB003B8DCD /* LaunchScreen.storyboard */; };
		518C0F2C2A52F8FB003B8DCD /* thinkitive_text_animatorTests.swift in Sources */ = {isa = PBXBuildFile; fileRef = 518C0F2B2A52F8FB003B8DCD /* thinkitive_text_animatorTests.swift */; };
		518C0F362A52F8FB003B8DCD /* thinkitive_text_animatorUITests.swift in Sources */ = {isa = PBXBuildFile; fileRef = 518C0F352A52F8FB003B8DCD /* thinkitive_text_animatorUITests.swift */; };
		518C0F382A52F8FB003B8DCD /* thinkitive_text_animatorUITestsLaunchTests.swift in Sources */ = {isa = PBXBuildFile; fileRef = 518C0F372A52F8FB003B8DCD /* thinkitive_text_animatorUITestsLaunchTests.swift */; };
		518C0F492A52FA8E003B8DCD /* DrawingTextView.swift in Sources */ = {isa = PBXBuildFile; fileRef = 518C0F462A52FA8E003B8DCD /* DrawingTextView.swift */; };
		518C0F4A2A52FA8E003B8DCD /* DrawingTextViewExtensions.swift in Sources */ = {isa = PBXBuildFile; fileRef = 518C0F472A52FA8E003B8DCD /* DrawingTextViewExtensions.swift */; };
		518C0F4B2A52FA8E003B8DCD /* DrawingTextView.xib in Resources */ = {isa = PBXBuildFile; fileRef = 518C0F482A52FA8E003B8DCD /* DrawingTextView.xib */; };
		518C0F4D2A52FAEE003B8DCD /* TextAnimatorDesignable.swift in Sources */ = {isa = PBXBuildFile; fileRef = 518C0F4C2A52FAEE003B8DCD /* TextAnimatorDesignable.swift */; };
		518C0F532A52FC60003B8DCD /* Utilities.swift in Sources */ = {isa = PBXBuildFile; fileRef = 518C0F522A52FC60003B8DCD /* Utilities.swift */; };
		518C0F552A52FFBC003B8DCD /* DrawingLabel.swift in Sources */ = {isa = PBXBuildFile; fileRef = 518C0F542A52FFBC003B8DCD /* DrawingLabel.swift */; };
		518C0F592A546DA7003B8DCD /* TextAnimatorFactory.swift in Sources */ = {isa = PBXBuildFile; fileRef = 518C0F582A546DA7003B8DCD /* TextAnimatorFactory.swift */; };
		51F4346D2A548B8000093E39 /* CartoonBlocks.ttf in Resources */ = {isa = PBXBuildFile; fileRef = 51F4346C2A548B8000093E39 /* CartoonBlocks.ttf */; };
/* End PBXBuildFile section */

/* Begin PBXContainerItemProxy section */
		518C0F282A52F8FB003B8DCD /* PBXContainerItemProxy */ = {
			isa = PBXContainerItemProxy;
			containerPortal = 518C0F092A52F8FA003B8DCD /* Project object */;
			proxyType = 1;
			remoteGlobalIDString = 518C0F102A52F8FA003B8DCD;
			remoteInfo = "thinkitive-text-animator";
		};
		518C0F322A52F8FB003B8DCD /* PBXContainerItemProxy */ = {
			isa = PBXContainerItemProxy;
			containerPortal = 518C0F092A52F8FA003B8DCD /* Project object */;
			proxyType = 1;
			remoteGlobalIDString = 518C0F102A52F8FA003B8DCD;
			remoteInfo = "thinkitive-text-animator";
		};
/* End PBXContainerItemProxy section */

/* Begin PBXFileReference section */
		518C0F112A52F8FA003B8DCD /* thinkitive-text-animator.app */ = {isa = PBXFileReference; explicitFileType = wrapper.application; includeInIndex = 0; path = "thinkitive-text-animator.app"; sourceTree = BUILT_PRODUCTS_DIR; };
		518C0F142A52F8FA003B8DCD /* AppDelegate.swift */ = {isa = PBXFileReference; lastKnownFileType = sourcecode.swift; path = AppDelegate.swift; sourceTree = "<group>"; };
		518C0F182A52F8FA003B8DCD /* ViewController.swift */ = {isa = PBXFileReference; lastKnownFileType = sourcecode.swift; path = ViewController.swift; sourceTree = "<group>"; };
		518C0F1B2A52F8FA003B8DCD /* Base */ = {isa = PBXFileReference; lastKnownFileType = file.storyboard; name = Base; path = Base.lproj/Main.storyboard; sourceTree = "<group>"; };
		518C0F1D2A52F8FB003B8DCD /* Assets.xcassets */ = {isa = PBXFileReference; lastKnownFileType = folder.assetcatalog; path = Assets.xcassets; sourceTree = "<group>"; };
		518C0F202A52F8FB003B8DCD /* Base */ = {isa = PBXFileReference; lastKnownFileType = file.storyboard; name = Base; path = Base.lproj/LaunchScreen.storyboard; sourceTree = "<group>"; };
		518C0F222A52F8FB003B8DCD /* Info.plist */ = {isa = PBXFileReference; lastKnownFileType = text.plist.xml; path = Info.plist; sourceTree = "<group>"; };
		518C0F272A52F8FB003B8DCD /* thinkitive-text-animatorTests.xctest */ = {isa = PBXFileReference; explicitFileType = wrapper.cfbundle; includeInIndex = 0; path = "thinkitive-text-animatorTests.xctest"; sourceTree = BUILT_PRODUCTS_DIR; };
		518C0F2B2A52F8FB003B8DCD /* thinkitive_text_animatorTests.swift */ = {isa = PBXFileReference; lastKnownFileType = sourcecode.swift; path = thinkitive_text_animatorTests.swift; sourceTree = "<group>"; };
		518C0F312A52F8FB003B8DCD /* thinkitive-text-animatorUITests.xctest */ = {isa = PBXFileReference; explicitFileType = wrapper.cfbundle; includeInIndex = 0; path = "thinkitive-text-animatorUITests.xctest"; sourceTree = BUILT_PRODUCTS_DIR; };
		518C0F352A52F8FB003B8DCD /* thinkitive_text_animatorUITests.swift */ = {isa = PBXFileReference; lastKnownFileType = sourcecode.swift; path = thinkitive_text_animatorUITests.swift; sourceTree = "<group>"; };
		518C0F372A52F8FB003B8DCD /* thinkitive_text_animatorUITestsLaunchTests.swift */ = {isa = PBXFileReference; lastKnownFileType = sourcecode.swift; path = thinkitive_text_animatorUITestsLaunchTests.swift; sourceTree = "<group>"; };
		518C0F462A52FA8E003B8DCD /* DrawingTextView.swift */ = {isa = PBXFileReference; fileEncoding = 4; lastKnownFileType = sourcecode.swift; path = DrawingTextView.swift; sourceTree = "<group>"; };
		518C0F472A52FA8E003B8DCD /* DrawingTextViewExtensions.swift */ = {isa = PBXFileReference; fileEncoding = 4; lastKnownFileType = sourcecode.swift; path = DrawingTextViewExtensions.swift; sourceTree = "<group>"; };
		518C0F482A52FA8E003B8DCD /* DrawingTextView.xib */ = {isa = PBXFileReference; fileEncoding = 4; lastKnownFileType = file.xib; path = DrawingTextView.xib; sourceTree = "<group>"; };
		518C0F4C2A52FAEE003B8DCD /* TextAnimatorDesignable.swift */ = {isa = PBXFileReference; lastKnownFileType = sourcecode.swift; path = TextAnimatorDesignable.swift; sourceTree = "<group>"; };
		518C0F522A52FC60003B8DCD /* Utilities.swift */ = {isa = PBXFileReference; lastKnownFileType = sourcecode.swift; path = Utilities.swift; sourceTree = "<group>"; };
		518C0F542A52FFBC003B8DCD /* DrawingLabel.swift */ = {isa = PBXFileReference; lastKnownFileType = sourcecode.swift; path = DrawingLabel.swift; sourceTree = "<group>"; };
		518C0F582A546DA7003B8DCD /* TextAnimatorFactory.swift */ = {isa = PBXFileReference; lastKnownFileType = sourcecode.swift; path = TextAnimatorFactory.swift; sourceTree = "<group>"; };
		51F4346C2A548B8000093E39 /* CartoonBlocks.ttf */ = {isa = PBXFileReference; lastKnownFileType = file; path = CartoonBlocks.ttf; sourceTree = "<group>"; };
/* End PBXFileReference section */

/* Begin PBXFrameworksBuildPhase section */
		518C0F0E2A52F8FA003B8DCD /* Frameworks */ = {
			isa = PBXFrameworksBuildPhase;
			buildActionMask = 2147483647;
			files = (
			);
			runOnlyForDeploymentPostprocessing = 0;
		};
		518C0F242A52F8FB003B8DCD /* Frameworks */ = {
			isa = PBXFrameworksBuildPhase;
			buildActionMask = 2147483647;
			files = (
			);
			runOnlyForDeploymentPostprocessing = 0;
		};
		518C0F2E2A52F8FB003B8DCD /* Frameworks */ = {
			isa = PBXFrameworksBuildPhase;
			buildActionMask = 2147483647;
			files = (
			);
			runOnlyForDeploymentPostprocessing = 0;
		};
/* End PBXFrameworksBuildPhase section */

/* Begin PBXGroup section */
		518C0F082A52F8FA003B8DCD = {
			isa = PBXGroup;
			children = (
				518C0F132A52F8FA003B8DCD /* thinkitive-text-animator */,
				518C0F2A2A52F8FB003B8DCD /* thinkitive-text-animatorTests */,
				518C0F342A52F8FB003B8DCD /* thinkitive-text-animatorUITests */,
				518C0F122A52F8FA003B8DCD /* Products */,
			);
			sourceTree = "<group>";
		};
		518C0F122A52F8FA003B8DCD /* Products */ = {
			isa = PBXGroup;
			children = (
				518C0F112A52F8FA003B8DCD /* thinkitive-text-animator.app */,
				518C0F272A52F8FB003B8DCD /* thinkitive-text-animatorTests.xctest */,
				518C0F312A52F8FB003B8DCD /* thinkitive-text-animatorUITests.xctest */,
			);
			name = Products;
			sourceTree = "<group>";
		};
		518C0F132A52F8FA003B8DCD /* thinkitive-text-animator */ = {
			isa = PBXGroup;
			children = (
				518C0F142A52F8FA003B8DCD /* AppDelegate.swift */,
				518C0F182A52F8FA003B8DCD /* ViewController.swift */,
				51F434692A5488CD00093E39 /* Fonts */,
				518C0F442A52FA6A003B8DCD /* Classes */,
				518C0F1A2A52F8FA003B8DCD /* Main.storyboard */,
				518C0F1D2A52F8FB003B8DCD /* Assets.xcassets */,
				518C0F1F2A52F8FB003B8DCD /* LaunchScreen.storyboard */,
				518C0F222A52F8FB003B8DCD /* Info.plist */,
			);
			path = "thinkitive-text-animator";
			sourceTree = "<group>";
		};
		518C0F2A2A52F8FB003B8DCD /* thinkitive-text-animatorTests */ = {
			isa = PBXGroup;
			children = (
				518C0F2B2A52F8FB003B8DCD /* thinkitive_text_animatorTests.swift */,
			);
			path = "thinkitive-text-animatorTests";
			sourceTree = "<group>";
		};
		518C0F342A52F8FB003B8DCD /* thinkitive-text-animatorUITests */ = {
			isa = PBXGroup;
			children = (
				518C0F352A52F8FB003B8DCD /* thinkitive_text_animatorUITests.swift */,
				518C0F372A52F8FB003B8DCD /* thinkitive_text_animatorUITestsLaunchTests.swift */,
			);
			path = "thinkitive-text-animatorUITests";
			sourceTree = "<group>";
		};
		518C0F442A52FA6A003B8DCD /* Classes */ = {
			isa = PBXGroup;
			children = (
				518C0F512A52FC4A003B8DCD /* Utilities */,
				518C0F452A52FA8E003B8DCD /* DrawingTextView */,
				518C0F4C2A52FAEE003B8DCD /* TextAnimatorDesignable.swift */,
				518C0F582A546DA7003B8DCD /* TextAnimatorFactory.swift */,
			);
			path = Classes;
			sourceTree = "<group>";
		};
		518C0F452A52FA8E003B8DCD /* DrawingTextView */ = {
			isa = PBXGroup;
			children = (
				518C0F462A52FA8E003B8DCD /* DrawingTextView.swift */,
				518C0F542A52FFBC003B8DCD /* DrawingLabel.swift */,
				518C0F472A52FA8E003B8DCD /* DrawingTextViewExtensions.swift */,
				518C0F482A52FA8E003B8DCD /* DrawingTextView.xib */,
			);
			path = DrawingTextView;
			sourceTree = "<group>";
		};
		518C0F512A52FC4A003B8DCD /* Utilities */ = {
			isa = PBXGroup;
			children = (
				518C0F522A52FC60003B8DCD /* Utilities.swift */,
			);
			path = Utilities;
			sourceTree = "<group>";
		};
		51F434692A5488CD00093E39 /* Fonts */ = {
			isa = PBXGroup;
			children = (
				51F4346C2A548B8000093E39 /* CartoonBlocks.ttf */,
			);
			path = Fonts;
			sourceTree = "<group>";
		};
/* End PBXGroup section */

/* Begin PBXNativeTarget section */
		518C0F102A52F8FA003B8DCD /* thinkitive-text-animator */ = {
			isa = PBXNativeTarget;
			buildConfigurationList = 518C0F3B2A52F8FB003B8DCD /* Build configuration list for PBXNativeTarget "thinkitive-text-animator" */;
			buildPhases = (
				518C0F0D2A52F8FA003B8DCD /* Sources */,
				518C0F0E2A52F8FA003B8DCD /* Frameworks */,
				518C0F0F2A52F8FA003B8DCD /* Resources */,
			);
			buildRules = (
			);
			dependencies = (
			);
			name = "thinkitive-text-animator";
			productName = "thinkitive-text-animator";
			productReference = 518C0F112A52F8FA003B8DCD /* thinkitive-text-animator.app */;
			productType = "com.apple.product-type.application";
		};
		518C0F262A52F8FB003B8DCD /* thinkitive-text-animatorTests */ = {
			isa = PBXNativeTarget;
			buildConfigurationList = 518C0F3E2A52F8FB003B8DCD /* Build configuration list for PBXNativeTarget "thinkitive-text-animatorTests" */;
			buildPhases = (
				518C0F232A52F8FB003B8DCD /* Sources */,
				518C0F242A52F8FB003B8DCD /* Frameworks */,
				518C0F252A52F8FB003B8DCD /* Resources */,
			);
			buildRules = (
			);
			dependencies = (
				518C0F292A52F8FB003B8DCD /* PBXTargetDependency */,
			);
			name = "thinkitive-text-animatorTests";
			productName = "thinkitive-text-animatorTests";
			productReference = 518C0F272A52F8FB003B8DCD /* thinkitive-text-animatorTests.xctest */;
			productType = "com.apple.product-type.bundle.unit-test";
		};
		518C0F302A52F8FB003B8DCD /* thinkitive-text-animatorUITests */ = {
			isa = PBXNativeTarget;
			buildConfigurationList = 518C0F412A52F8FB003B8DCD /* Build configuration list for PBXNativeTarget "thinkitive-text-animatorUITests" */;
			buildPhases = (
				518C0F2D2A52F8FB003B8DCD /* Sources */,
				518C0F2E2A52F8FB003B8DCD /* Frameworks */,
				518C0F2F2A52F8FB003B8DCD /* Resources */,
			);
			buildRules = (
			);
			dependencies = (
				518C0F332A52F8FB003B8DCD /* PBXTargetDependency */,
			);
			name = "thinkitive-text-animatorUITests";
			productName = "thinkitive-text-animatorUITests";
			productReference = 518C0F312A52F8FB003B8DCD /* thinkitive-text-animatorUITests.xctest */;
			productType = "com.apple.product-type.bundle.ui-testing";
		};
/* End PBXNativeTarget section */

/* Begin PBXProject section */
		518C0F092A52F8FA003B8DCD /* Project object */ = {
			isa = PBXProject;
			attributes = {
				BuildIndependentTargetsInParallel = 1;
				LastSwiftUpdateCheck = 1420;
				LastUpgradeCheck = 1420;
				TargetAttributes = {
					518C0F102A52F8FA003B8DCD = {
						CreatedOnToolsVersion = 14.2;
					};
					518C0F262A52F8FB003B8DCD = {
						CreatedOnToolsVersion = 14.2;
						TestTargetID = 518C0F102A52F8FA003B8DCD;
					};
					518C0F302A52F8FB003B8DCD = {
						CreatedOnToolsVersion = 14.2;
						TestTargetID = 518C0F102A52F8FA003B8DCD;
					};
				};
			};
			buildConfigurationList = 518C0F0C2A52F8FA003B8DCD /* Build configuration list for PBXProject "thinkitive-text-animator" */;
			compatibilityVersion = "Xcode 14.0";
			developmentRegion = en;
			hasScannedForEncodings = 0;
			knownRegions = (
				en,
				Base,
			);
			mainGroup = 518C0F082A52F8FA003B8DCD;
			productRefGroup = 518C0F122A52F8FA003B8DCD /* Products */;
			projectDirPath = "";
			projectRoot = "";
			targets = (
				518C0F102A52F8FA003B8DCD /* thinkitive-text-animator */,
				518C0F262A52F8FB003B8DCD /* thinkitive-text-animatorTests */,
				518C0F302A52F8FB003B8DCD /* thinkitive-text-animatorUITests */,
			);
		};
/* End PBXProject section */

/* Begin PBXResourcesBuildPhase section */
		518C0F0F2A52F8FA003B8DCD /* Resources */ = {
			isa = PBXResourcesBuildPhase;
			buildActionMask = 2147483647;
			files = (
				518C0F4B2A52FA8E003B8DCD /* DrawingTextView.xib in Resources */,
				518C0F212A52F8FB003B8DCD /* LaunchScreen.storyboard in Resources */,
				51F4346D2A548B8000093E39 /* CartoonBlocks.ttf in Resources */,
				518C0F1E2A52F8FB003B8DCD /* Assets.xcassets in Resources */,
				518C0F1C2A52F8FA003B8DCD /* Main.storyboard in Resources */,
			);
			runOnlyForDeploymentPostprocessing = 0;
		};
		518C0F252A52F8FB003B8DCD /* Resources */ = {
			isa = PBXResourcesBuildPhase;
			buildActionMask = 2147483647;
			files = (
			);
			runOnlyForDeploymentPostprocessing = 0;
		};
		518C0F2F2A52F8FB003B8DCD /* Resources */ = {
			isa = PBXResourcesBuildPhase;
			buildActionMask = 2147483647;
			files = (
			);
			runOnlyForDeploymentPostprocessing = 0;
		};
/* End PBXResourcesBuildPhase section */

/* Begin PBXSourcesBuildPhase section */
		518C0F0D2A52F8FA003B8DCD /* Sources */ = {
			isa = PBXSourcesBuildPhase;
			buildActionMask = 2147483647;
			files = (
				518C0F492A52FA8E003B8DCD /* DrawingTextView.swift in Sources */,
				518C0F192A52F8FA003B8DCD /* ViewController.swift in Sources */,
				518C0F4A2A52FA8E003B8DCD /* DrawingTextViewExtensions.swift in Sources */,
				518C0F4D2A52FAEE003B8DCD /* TextAnimatorDesignable.swift in Sources */,
				518C0F152A52F8FA003B8DCD /* AppDelegate.swift in Sources */,
				518C0F592A546DA7003B8DCD /* TextAnimatorFactory.swift in Sources */,
				518C0F552A52FFBC003B8DCD /* DrawingLabel.swift in Sources */,
				518C0F532A52FC60003B8DCD /* Utilities.swift in Sources */,
			);
			runOnlyForDeploymentPostprocessing = 0;
		};
		518C0F232A52F8FB003B8DCD /* Sources */ = {
			isa = PBXSourcesBuildPhase;
			buildActionMask = 2147483647;
			files = (
				518C0F2C2A52F8FB003B8DCD /* thinkitive_text_animatorTests.swift in Sources */,
			);
			runOnlyForDeploymentPostprocessing = 0;
		};
		518C0F2D2A52F8FB003B8DCD /* Sources */ = {
			isa = PBXSourcesBuildPhase;
			buildActionMask = 2147483647;
			files = (
				518C0F362A52F8FB003B8DCD /* thinkitive_text_animatorUITests.swift in Sources */,
				518C0F382A52F8FB003B8DCD /* thinkitive_text_animatorUITestsLaunchTests.swift in Sources */,
			);
			runOnlyForDeploymentPostprocessing = 0;
		};
/* End PBXSourcesBuildPhase section */

/* Begin PBXTargetDependency section */
		518C0F292A52F8FB003B8DCD /* PBXTargetDependency */ = {
			isa = PBXTargetDependency;
			target = 518C0F102A52F8FA003B8DCD /* thinkitive-text-animator */;
			targetProxy = 518C0F282A52F8FB003B8DCD /* PBXContainerItemProxy */;
		};
		518C0F332A52F8FB003B8DCD /* PBXTargetDependency */ = {
			isa = PBXTargetDependency;
			target = 518C0F102A52F8FA003B8DCD /* thinkitive-text-animator */;
			targetProxy = 518C0F322A52F8FB003B8DCD /* PBXContainerItemProxy */;
		};
/* End PBXTargetDependency section */

/* Begin PBXVariantGroup section */
		518C0F1A2A52F8FA003B8DCD /* Main.storyboard */ = {
			isa = PBXVariantGroup;
			children = (
				518C0F1B2A52F8FA003B8DCD /* Base */,
			);
			name = Main.storyboard;
			sourceTree = "<group>";
		};
		518C0F1F2A52F8FB003B8DCD /* LaunchScreen.storyboard */ = {
			isa = PBXVariantGroup;
			children = (
				518C0F202A52F8FB003B8DCD /* Base */,
			);
			name = LaunchScreen.storyboard;
			sourceTree = "<group>";
		};
/* End PBXVariantGroup section */

/* Begin XCBuildConfiguration section */
		518C0F392A52F8FB003B8DCD /* Debug */ = {
			isa = XCBuildConfiguration;
			buildSettings = {
				ALWAYS_SEARCH_USER_PATHS = NO;
				CLANG_ANALYZER_NONNULL = YES;
				CLANG_ANALYZER_NUMBER_OBJECT_CONVERSION = YES_AGGRESSIVE;
				CLANG_CXX_LANGUAGE_STANDARD = "gnu++20";
				CLANG_ENABLE_MODULES = YES;
				CLANG_ENABLE_OBJC_ARC = YES;
				CLANG_ENABLE_OBJC_WEAK = YES;
				CLANG_WARN_BLOCK_CAPTURE_AUTORELEASING = YES;
				CLANG_WARN_BOOL_CONVERSION = YES;
				CLANG_WARN_COMMA = YES;
				CLANG_WARN_CONSTANT_CONVERSION = YES;
				CLANG_WARN_DEPRECATED_OBJC_IMPLEMENTATIONS = YES;
				CLANG_WARN_DIRECT_OBJC_ISA_USAGE = YES_ERROR;
				CLANG_WARN_DOCUMENTATION_COMMENTS = YES;
				CLANG_WARN_EMPTY_BODY = YES;
				CLANG_WARN_ENUM_CONVERSION = YES;
				CLANG_WARN_INFINITE_RECURSION = YES;
				CLANG_WARN_INT_CONVERSION = YES;
				CLANG_WARN_NON_LITERAL_NULL_CONVERSION = YES;
				CLANG_WARN_OBJC_IMPLICIT_RETAIN_SELF = YES;
				CLANG_WARN_OBJC_LITERAL_CONVERSION = YES;
				CLANG_WARN_OBJC_ROOT_CLASS = YES_ERROR;
				CLANG_WARN_QUOTED_INCLUDE_IN_FRAMEWORK_HEADER = YES;
				CLANG_WARN_RANGE_LOOP_ANALYSIS = YES;
				CLANG_WARN_STRICT_PROTOTYPES = YES;
				CLANG_WARN_SUSPICIOUS_MOVE = YES;
				CLANG_WARN_UNGUARDED_AVAILABILITY = YES_AGGRESSIVE;
				CLANG_WARN_UNREACHABLE_CODE = YES;
				CLANG_WARN__DUPLICATE_METHOD_MATCH = YES;
				COPY_PHASE_STRIP = NO;
				DEBUG_INFORMATION_FORMAT = dwarf;
				ENABLE_STRICT_OBJC_MSGSEND = YES;
				ENABLE_TESTABILITY = YES;
				GCC_C_LANGUAGE_STANDARD = gnu11;
				GCC_DYNAMIC_NO_PIC = NO;
				GCC_NO_COMMON_BLOCKS = YES;
				GCC_OPTIMIZATION_LEVEL = 0;
				GCC_PREPROCESSOR_DEFINITIONS = (
					"DEBUG=1",
					"$(inherited)",
				);
				GCC_WARN_64_TO_32_BIT_CONVERSION = YES;
				GCC_WARN_ABOUT_RETURN_TYPE = YES_ERROR;
				GCC_WARN_UNDECLARED_SELECTOR = YES;
				GCC_WARN_UNINITIALIZED_AUTOS = YES_AGGRESSIVE;
				GCC_WARN_UNUSED_FUNCTION = YES;
				GCC_WARN_UNUSED_VARIABLE = YES;
				IPHONEOS_DEPLOYMENT_TARGET = 16.2;
				MTL_ENABLE_DEBUG_INFO = INCLUDE_SOURCE;
				MTL_FAST_MATH = YES;
				ONLY_ACTIVE_ARCH = YES;
				SDKROOT = iphoneos;
				SWIFT_ACTIVE_COMPILATION_CONDITIONS = DEBUG;
				SWIFT_OPTIMIZATION_LEVEL = "-Onone";
			};
			name = Debug;
		};
		518C0F3A2A52F8FB003B8DCD /* Release */ = {
			isa = XCBuildConfiguration;
			buildSettings = {
				ALWAYS_SEARCH_USER_PATHS = NO;
				CLANG_ANALYZER_NONNULL = YES;
				CLANG_ANALYZER_NUMBER_OBJECT_CONVERSION = YES_AGGRESSIVE;
				CLANG_CXX_LANGUAGE_STANDARD = "gnu++20";
				CLANG_ENABLE_MODULES = YES;
				CLANG_ENABLE_OBJC_ARC = YES;
				CLANG_ENABLE_OBJC_WEAK = YES;
				CLANG_WARN_BLOCK_CAPTURE_AUTORELEASING = YES;
				CLANG_WARN_BOOL_CONVERSION = YES;
				CLANG_WARN_COMMA = YES;
				CLANG_WARN_CONSTANT_CONVERSION = YES;
				CLANG_WARN_DEPRECATED_OBJC_IMPLEMENTATIONS = YES;
				CLANG_WARN_DIRECT_OBJC_ISA_USAGE = YES_ERROR;
				CLANG_WARN_DOCUMENTATION_COMMENTS = YES;
				CLANG_WARN_EMPTY_BODY = YES;
				CLANG_WARN_ENUM_CONVERSION = YES;
				CLANG_WARN_INFINITE_RECURSION = YES;
				CLANG_WARN_INT_CONVERSION = YES;
				CLANG_WARN_NON_LITERAL_NULL_CONVERSION = YES;
				CLANG_WARN_OBJC_IMPLICIT_RETAIN_SELF = YES;
				CLANG_WARN_OBJC_LITERAL_CONVERSION = YES;
				CLANG_WARN_OBJC_ROOT_CLASS = YES_ERROR;
				CLANG_WARN_QUOTED_INCLUDE_IN_FRAMEWORK_HEADER = YES;
				CLANG_WARN_RANGE_LOOP_ANALYSIS = YES;
				CLANG_WARN_STRICT_PROTOTYPES = YES;
				CLANG_WARN_SUSPICIOUS_MOVE = YES;
				CLANG_WARN_UNGUARDED_AVAILABILITY = YES_AGGRESSIVE;
				CLANG_WARN_UNREACHABLE_CODE = YES;
				CLANG_WARN__DUPLICATE_METHOD_MATCH = YES;
				COPY_PHASE_STRIP = NO;
				DEBUG_INFORMATION_FORMAT = "dwarf-with-dsym";
				ENABLE_NS_ASSERTIONS = NO;
				ENABLE_STRICT_OBJC_MSGSEND = YES;
				GCC_C_LANGUAGE_STANDARD = gnu11;
				GCC_NO_COMMON_BLOCKS = YES;
				GCC_WARN_64_TO_32_BIT_CONVERSION = YES;
				GCC_WARN_ABOUT_RETURN_TYPE = YES_ERROR;
				GCC_WARN_UNDECLARED_SELECTOR = YES;
				GCC_WARN_UNINITIALIZED_AUTOS = YES_AGGRESSIVE;
				GCC_WARN_UNUSED_FUNCTION = YES;
				GCC_WARN_UNUSED_VARIABLE = YES;
				IPHONEOS_DEPLOYMENT_TARGET = 16.2;
				MTL_ENABLE_DEBUG_INFO = NO;
				MTL_FAST_MATH = YES;
				SDKROOT = iphoneos;
				SWIFT_COMPILATION_MODE = wholemodule;
				SWIFT_OPTIMIZATION_LEVEL = "-O";
				VALIDATE_PRODUCT = YES;
			};
			name = Release;
		};
		518C0F3C2A52F8FB003B8DCD /* Debug */ = {
			isa = XCBuildConfiguration;
			buildSettings = {
				ASSETCATALOG_COMPILER_APPICON_NAME = AppIcon;
				ASSETCATALOG_COMPILER_GLOBAL_ACCENT_COLOR_NAME = AccentColor;
				CODE_SIGN_STYLE = Automatic;
				CURRENT_PROJECT_VERSION = 1;
				DEVELOPMENT_TEAM = ZRMTSKAY2A;
				GENERATE_INFOPLIST_FILE = YES;
				INFOPLIST_FILE = "thinkitive-text-animator/Info.plist";
				INFOPLIST_KEY_UIApplicationSupportsIndirectInputEvents = YES;
				INFOPLIST_KEY_UILaunchStoryboardName = LaunchScreen;
				INFOPLIST_KEY_UIMainStoryboardFile = Main;
				INFOPLIST_KEY_UISupportedInterfaceOrientations_iPad = "UIInterfaceOrientationPortrait UIInterfaceOrientationPortraitUpsideDown UIInterfaceOrientationLandscapeLeft UIInterfaceOrientationLandscapeRight";
				INFOPLIST_KEY_UISupportedInterfaceOrientations_iPhone = "UIInterfaceOrientationPortrait UIInterfaceOrientationLandscapeLeft UIInterfaceOrientationLandscapeRight";
				IPHONEOS_DEPLOYMENT_TARGET = 11.0;
				LD_RUNPATH_SEARCH_PATHS = (
					"$(inherited)",
					"@executable_path/Frameworks",
				);
				MARKETING_VERSION = 1.0;
				PRODUCT_BUNDLE_IDENTIFIER = "id.thinkitive.video.renderer.thinkitive-text-animator";
				PRODUCT_NAME = "$(TARGET_NAME)";
				SWIFT_EMIT_LOC_STRINGS = YES;
				SWIFT_VERSION = 5.0;
				TARGETED_DEVICE_FAMILY = "1,2";
			};
			name = Debug;
		};
		518C0F3D2A52F8FB003B8DCD /* Release */ = {
			isa = XCBuildConfiguration;
			buildSettings = {
				ASSETCATALOG_COMPILER_APPICON_NAME = AppIcon;
				ASSETCATALOG_COMPILER_GLOBAL_ACCENT_COLOR_NAME = AccentColor;
				CODE_SIGN_STYLE = Automatic;
				CURRENT_PROJECT_VERSION = 1;
				DEVELOPMENT_TEAM = ZRMTSKAY2A;
				GENERATE_INFOPLIST_FILE = YES;
				INFOPLIST_FILE = "thinkitive-text-animator/Info.plist";
				INFOPLIST_KEY_UIApplicationSupportsIndirectInputEvents = YES;
				INFOPLIST_KEY_UILaunchStoryboardName = LaunchScreen;
				INFOPLIST_KEY_UIMainStoryboardFile = Main;
				INFOPLIST_KEY_UISupportedInterfaceOrientations_iPad = "UIInterfaceOrientationPortrait UIInterfaceOrientationPortraitUpsideDown UIInterfaceOrientationLandscapeLeft UIInterfaceOrientationLandscapeRight";
				INFOPLIST_KEY_UISupportedInterfaceOrientations_iPhone = "UIInterfaceOrientationPortrait UIInterfaceOrientationLandscapeLeft UIInterfaceOrientationLandscapeRight";
				IPHONEOS_DEPLOYMENT_TARGET = 11.0;
				LD_RUNPATH_SEARCH_PATHS = (
					"$(inherited)",
					"@executable_path/Frameworks",
				);
				MARKETING_VERSION = 1.0;
				PRODUCT_BUNDLE_IDENTIFIER = "id.thinkitive.video.renderer.thinkitive-text-animator";
				PRODUCT_NAME = "$(TARGET_NAME)";
				SWIFT_EMIT_LOC_STRINGS = YES;
				SWIFT_VERSION = 5.0;
				TARGETED_DEVICE_FAMILY = "1,2";
			};
			name = Release;
		};
		518C0F3F2A52F8FB003B8DCD /* Debug */ = {
			isa = XCBuildConfiguration;
			buildSettings = {
				ALWAYS_EMBED_SWIFT_STANDARD_LIBRARIES = YES;
				BUNDLE_LOADER = "$(TEST_HOST)";
				CODE_SIGN_STYLE = Automatic;
				CURRENT_PROJECT_VERSION = 1;
				DEVELOPMENT_TEAM = ZRMTSKAY2A;
				GENERATE_INFOPLIST_FILE = YES;
				IPHONEOS_DEPLOYMENT_TARGET = 16.2;
				MARKETING_VERSION = 1.0;
				PRODUCT_BUNDLE_IDENTIFIER = "id.thinkitive.video.renderer.thinkitive-text-animatorTests";
				PRODUCT_NAME = "$(TARGET_NAME)";
				SWIFT_EMIT_LOC_STRINGS = NO;
				SWIFT_VERSION = 5.0;
				TARGETED_DEVICE_FAMILY = "1,2";
				TEST_HOST = "$(BUILT_PRODUCTS_DIR)/thinkitive-text-animator.app/$(BUNDLE_EXECUTABLE_FOLDER_PATH)/thinkitive-text-animator";
			};
			name = Debug;
		};
		518C0F402A52F8FB003B8DCD /* Release */ = {
			isa = XCBuildConfiguration;
			buildSettings = {
				ALWAYS_EMBED_SWIFT_STANDARD_LIBRARIES = YES;
				BUNDLE_LOADER = "$(TEST_HOST)";
				CODE_SIGN_STYLE = Automatic;
				CURRENT_PROJECT_VERSION = 1;
				DEVELOPMENT_TEAM = ZRMTSKAY2A;
				GENERATE_INFOPLIST_FILE = YES;
				IPHONEOS_DEPLOYMENT_TARGET = 16.2;
				MARKETING_VERSION = 1.0;
				PRODUCT_BUNDLE_IDENTIFIER = "id.thinkitive.video.renderer.thinkitive-text-animatorTests";
				PRODUCT_NAME = "$(TARGET_NAME)";
				SWIFT_EMIT_LOC_STRINGS = NO;
				SWIFT_VERSION = 5.0;
				TARGETED_DEVICE_FAMILY = "1,2";
				TEST_HOST = "$(BUILT_PRODUCTS_DIR)/thinkitive-text-animator.app/$(BUNDLE_EXECUTABLE_FOLDER_PATH)/thinkitive-text-animator";
			};
			name = Release;
		};
		518C0F422A52F8FB003B8DCD /* Debug */ = {
			isa = XCBuildConfiguration;
			buildSettings = {
				ALWAYS_EMBED_SWIFT_STANDARD_LIBRARIES = YES;
				CODE_SIGN_STYLE = Automatic;
				CURRENT_PROJECT_VERSION = 1;
				DEVELOPMENT_TEAM = ZRMTSKAY2A;
				GENERATE_INFOPLIST_FILE = YES;
				MARKETING_VERSION = 1.0;
				PRODUCT_BUNDLE_IDENTIFIER = "id.thinkitive.video.renderer.thinkitive-text-animatorUITests";
				PRODUCT_NAME = "$(TARGET_NAME)";
				SWIFT_EMIT_LOC_STRINGS = NO;
				SWIFT_VERSION = 5.0;
				TARGETED_DEVICE_FAMILY = "1,2";
				TEST_TARGET_NAME = "thinkitive-text-animator";
			};
			name = Debug;
		};
		518C0F432A52F8FB003B8DCD /* Release */ = {
			isa = XCBuildConfiguration;
			buildSettings = {
				ALWAYS_EMBED_SWIFT_STANDARD_LIBRARIES = YES;
				CODE_SIGN_STYLE = Automatic;
				CURRENT_PROJECT_VERSION = 1;
				DEVELOPMENT_TEAM = ZRMTSKAY2A;
				GENERATE_INFOPLIST_FILE = YES;
				MARKETING_VERSION = 1.0;
				PRODUCT_BUNDLE_IDENTIFIER = "id.thinkitive.video.renderer.thinkitive-text-animatorUITests";
				PRODUCT_NAME = "$(TARGET_NAME)";
				SWIFT_EMIT_LOC_STRINGS = NO;
				SWIFT_VERSION = 5.0;
				TARGETED_DEVICE_FAMILY = "1,2";
				TEST_TARGET_NAME = "thinkitive-text-animator";
			};
			name = Release;
		};
/* End XCBuildConfiguration section */

/* Begin XCConfigurationList section */
		518C0F0C2A52F8FA003B8DCD /* Build configuration list for PBXProject "thinkitive-text-animator" */ = {
			isa = XCConfigurationList;
			buildConfigurations = (
				518C0F392A52F8FB003B8DCD /* Debug */,
				518C0F3A2A52F8FB003B8DCD /* Release */,
			);
			defaultConfigurationIsVisible = 0;
			defaultConfigurationName = Release;
		};
		518C0F3B2A52F8FB003B8DCD /* Build configuration list for PBXNativeTarget "thinkitive-text-animator" */ = {
			isa = XCConfigurationList;
			buildConfigurations = (
				518C0F3C2A52F8FB003B8DCD /* Debug */,
				518C0F3D2A52F8FB003B8DCD /* Release */,
			);
			defaultConfigurationIsVisible = 0;
			defaultConfigurationName = Release;
		};
		518C0F3E2A52F8FB003B8DCD /* Build configuration list for PBXNativeTarget "thinkitive-text-animatorTests" */ = {
			isa = XCConfigurationList;
			buildConfigurations = (
				518C0F3F2A52F8FB003B8DCD /* Debug */,
				518C0F402A52F8FB003B8DCD /* Release */,
			);
			defaultConfigurationIsVisible = 0;
			defaultConfigurationName = Release;
		};
		518C0F412A52F8FB003B8DCD /* Build configuration list for PBXNativeTarget "thinkitive-text-animatorUITests" */ = {
			isa = XCConfigurationList;
			buildConfigurations = (
				518C0F422A52F8FB003B8DCD /* Debug */,
				518C0F432A52F8FB003B8DCD /* Release */,
			);
			defaultConfigurationIsVisible = 0;
			defaultConfigurationName = Release;
		};
/* End XCConfigurationList section */
	};
	rootObject = 518C0F092A52F8FA003B8DCD /* Project object */;
}
